
Microsoft Visual Studio Solution File, Format Version 12.00
# Visual Studio Version 16
VisualStudioVersion = 16.0.29102.190
MinimumVisualStudioVersion = 10.0.40219.1
Project("{FAE04EC0-301F-11D3-BF4B-00C04F79EFBC}") = "WebApiDemo", "WebApiDemo.csproj", "{67482CC8-0E53-4B40-A5BA-C23C63450766}"
EndProject
Global
	GlobalSection(SolutionConfigurationPlatforms) = preSolution
		Debug|Any CPU = Debug|Any CPU
		Release|Any CPU = Release|Any CPU
	EndGlobalSection
	GlobalSection(ProjectConfigurationPlatforms) = postSolution
		{67482CC8-0E53-4B40-A5BA-C23C63450766}.Debug|Any CPU.ActiveCfg = Debug|Any CPU
		{67482CC8-0E53-4B40-A5BA-C23C63450766}.Debug|Any CPU.Build.0 = Debug|Any CPU
		{67482CC8-0E53-4B40-A5BA-C23C63450766}.Release|Any CPU.ActiveCfg = Release|Any CPU
		{67482CC8-0E53-4B40-A5BA-C23C63450766}.Release|Any CPU.Build.0 = Release|Any CPU
	EndGlobalSection
	GlobalSection(SolutionProperties) = preSolution
		HideSolutionNode = FALSE
	EndGlobalSection
	GlobalSection(ExtensibilityGlobals) = postSolution
		SolutionGuid = {1A913877-14B4-4578-8079-0F85ADC93F35}
	EndGlobalSection
EndGlobal
